# This file is automatically @generated by Cargo.
# It is not intended for manual editing.
version = 3

[[package]]
name = "anyhow"
version = "1.0.71"
source = "registry+https://github.com/rust-lang/crates.io-index"
checksum = "9c7d0618f0e0b7e8ff11427422b64564d5fb0be1940354bfe2e0529b18a9d9b8"

[[package]]
name = "async-trait"
version = "0.1.70"
source = "registry+https://github.com/rust-lang/crates.io-index"
checksum = "79fa67157abdfd688a259b6648808757db9347af834624f27ec646da976aee5d"
dependencies = [
 "proc-macro2",
 "quote",
 "syn 2.0.23",
]

[[package]]
name = "base64"
version = "0.21.2"
source = "registry+https://github.com/rust-lang/crates.io-index"
checksum = "604178f6c5c21f02dc555784810edfb88d34ac2c73b2eae109655649ee73ce3d"

[[package]]
name = "bitflags"
version = "1.3.2"
source = "registry+https://github.com/rust-lang/crates.io-index"
checksum = "bef38d45163c2f1dde094a7dfd33ccf595c92905c8f8f4fdc18d06fb1037718a"

[[package]]
name = "bytes"
version = "1.4.0"
source = "registry+https://github.com/rust-lang/crates.io-index"
checksum = "89b2fd2a0dcf38d7971e2194b6b6eebab45ae01067456a7fd93d5547a61b70be"

[[package]]
name = "fnv"
version = "1.0.7"
source = "registry+https://github.com/rust-lang/crates.io-index"
checksum = "3f9eec918d3f24069decb9af1554cad7c880e2da24a9afd88aca000531ab82c1"

[[package]]
name = "heck"
version = "0.3.3"
source = "registry+https://github.com/rust-lang/crates.io-index"
checksum = "6d621efb26863f0e9924c6ac577e8275e5e6b77455db64ffa6c65c904e9e132c"
dependencies = [
 "unicode-segmentation",
]

[[package]]
name = "http"
version = "0.2.9"
source = "registry+https://github.com/rust-lang/crates.io-index"
checksum = "bd6effc99afb63425aff9b05836f029929e345a6148a14b7ecd5ab67af944482"
dependencies = [
 "bytes",
 "fnv",
 "itoa",
]

[[package]]
name = "id-arena"
version = "2.2.1"
source = "registry+https://github.com/rust-lang/crates.io-index"
checksum = "25a2bc672d1148e28034f176e01fffebb08b35768468cc954630da77a1449005"

[[package]]
name = "itoa"
version = "1.0.8"
source = "registry+https://github.com/rust-lang/crates.io-index"
checksum = "62b02a5381cc465bd3041d84623d0fa3b66738b52b8e2fc3bab8ad63ab032f4a"

[[package]]
name = "memchr"
version = "2.5.0"
source = "registry+https://github.com/rust-lang/crates.io-index"
checksum = "2dffe52ecf27772e601905b7522cb4ef790d2cc203488bbd0e2fe85fcb74566d"

[[package]]
name = "proc-macro2"
version = "1.0.63"
source = "registry+https://github.com/rust-lang/crates.io-index"
checksum = "7b368fba921b0dce7e60f5e04ec15e565b3303972b42bcfde1d0713b881959eb"
dependencies = [
 "unicode-ident",
]

[[package]]
name = "pulldown-cmark"
version = "0.8.0"
source = "registry+https://github.com/rust-lang/crates.io-index"
checksum = "ffade02495f22453cd593159ea2f59827aae7f53fa8323f756799b670881dcf8"
dependencies = [
 "bitflags",
 "memchr",
 "unicase",
]

[[package]]
name = "quote"
version = "1.0.29"
source = "registry+https://github.com/rust-lang/crates.io-index"
checksum = "573015e8ab27661678357f27dc26460738fd2b6c86e46f386fde94cb5d913105"
dependencies = [
 "proc-macro2",
]

[[package]]
name = "rust-fetch"
version = "0.1.0"
dependencies = [
 "anyhow",
 "serde",
 "serde_json",
 "wasm-workers-rs",
]

[[package]]
name = "ryu"
version = "1.0.14"
source = "registry+https://github.com/rust-lang/crates.io-index"
checksum = "fe232bdf6be8c8de797b22184ee71118d63780ea42ac85b61d1baa6d3b782ae9"

[[package]]
name = "serde"
version = "1.0.166"
source = "registry+https://github.com/rust-lang/crates.io-index"
checksum = "d01b7404f9d441d3ad40e6a636a7782c377d2abdbe4fa2440e2edcc2f4f10db8"
dependencies = [
 "serde_derive",
]

[[package]]
name = "serde_derive"
version = "1.0.166"
source = "registry+https://github.com/rust-lang/crates.io-index"
checksum = "5dd83d6dde2b6b2d466e14d9d1acce8816dedee94f735eac6395808b3483c6d6"
dependencies = [
 "proc-macro2",
 "quote",
 "syn 2.0.23",
]

[[package]]
name = "serde_json"
version = "1.0.100"
source = "registry+https://github.com/rust-lang/crates.io-index"
checksum = "0f1e14e89be7aa4c4b78bdbdc9eb5bf8517829a600ae8eaa39a6e1d960b5185c"
dependencies = [
 "itoa",
 "ryu",
 "serde",
]

[[package]]
name = "syn"
version = "1.0.109"
source = "registry+https://github.com/rust-lang/crates.io-index"
checksum = "72b64191b275b66ffe2469e8af2c1cfe3bafa67b529ead792a6d0160888b4237"
dependencies = [
 "proc-macro2",
 "quote",
 "unicode-ident",
]

[[package]]
name = "syn"
version = "2.0.23"
source = "registry+https://github.com/rust-lang/crates.io-index"
checksum = "59fb7d6d8281a51045d62b8eb3a7d1ce347b76f312af50cd3dc0af39c87c1737"
dependencies = [
 "proc-macro2",
 "quote",
 "unicode-ident",
]

[[package]]
name = "tinyvec"
version = "1.6.0"
source = "registry+https://github.com/rust-lang/crates.io-index"
checksum = "87cc5ceb3875bb20c2890005a4e226a4651264a5c75edb2421b52861a0a0cb50"
dependencies = [
 "tinyvec_macros",
]

[[package]]
name = "tinyvec_macros"
version = "0.1.1"
source = "registry+https://github.com/rust-lang/crates.io-index"
checksum = "1f3ccbac311fea05f86f61904b462b55fb3df8837a366dfc601a0161d0532f20"

[[package]]
name = "unicase"
version = "2.6.0"
source = "registry+https://github.com/rust-lang/crates.io-index"
checksum = "50f37be617794602aabbeee0be4f259dc1778fabe05e2d67ee8f79326d5cb4f6"
dependencies = [
 "version_check",
]

[[package]]
name = "unicode-ident"
version = "1.0.10"
source = "registry+https://github.com/rust-lang/crates.io-index"
checksum = "22049a19f4a68748a168c0fc439f9516686aa045927ff767eca0a85101fb6e73"

[[package]]
name = "unicode-normalization"
version = "0.1.22"
source = "registry+https://github.com/rust-lang/crates.io-index"
checksum = "5c5713f0fc4b5db668a2ac63cdb7bb4469d8c9fed047b1d0292cc7b0ce2ba921"
dependencies = [
 "tinyvec",
]

[[package]]
name = "unicode-segmentation"
version = "1.10.1"
source = "registry+https://github.com/rust-lang/crates.io-index"
checksum = "1dd624098567895118886609431a7c3b8f516e41d30e0643f03d94592a147e36"

[[package]]
name = "unicode-xid"
version = "0.2.4"
source = "registry+https://github.com/rust-lang/crates.io-index"
checksum = "f962df74c8c05a667b5ee8bcf162993134c104e96440b663c8daa176dc772d8c"

[[package]]
name = "version_check"
version = "0.9.4"
source = "registry+https://github.com/rust-lang/crates.io-index"
checksum = "49874b5167b65d7193b8aba1567f5c7d93d001cafc34600cee003eda787e483f"

[[package]]
name = "wasi"
version = "0.11.0+wasi-snapshot-preview1"
source = "registry+https://github.com/rust-lang/crates.io-index"
checksum = "9c8d87e72b64a3b4db28d11ce29237c246188f4f51057d65a7eab63b7987e423"

[[package]]
name = "wasm-workers-rs"
version = "1.3.0"
dependencies = [
 "anyhow",
 "base64",
 "http",
 "serde",
 "serde_json",
 "wit-bindgen-rust",
 "worker",
]

[[package]]
name = "wit-bindgen-gen-core"
version = "0.2.0"
source = "git+https://github.com/bytecodealliance/wit-bindgen?rev=cb871cfa1ee460b51eb1d144b175b9aab9c50aba#cb871cfa1ee460b51eb1d144b175b9aab9c50aba"
dependencies = [
 "anyhow",
 "wit-parser",
]

[[package]]
name = "wit-bindgen-gen-rust"
version = "0.2.0"
source = "git+https://github.com/bytecodealliance/wit-bindgen?rev=cb871cfa1ee460b51eb1d144b175b9aab9c50aba#cb871cfa1ee460b51eb1d144b175b9aab9c50aba"
dependencies = [
 "heck",
 "wit-bindgen-gen-core",
]

[[package]]
name = "wit-bindgen-gen-rust-wasm"
version = "0.2.0"
source = "git+https://github.com/bytecodealliance/wit-bindgen?rev=cb871cfa1ee460b51eb1d144b175b9aab9c50aba#cb871cfa1ee460b51eb1d144b175b9aab9c50aba"
dependencies = [
 "heck",
 "wit-bindgen-gen-core",
 "wit-bindgen-gen-rust",
]

[[package]]
name = "wit-bindgen-rust"
version = "0.2.0"
source = "git+https://github.com/bytecodealliance/wit-bindgen?rev=cb871cfa1ee460b51eb1d144b175b9aab9c50aba#cb871cfa1ee460b51eb1d144b175b9aab9c50aba"
dependencies = [
 "async-trait",
 "bitflags",
 "wit-bindgen-rust-impl",
]

[[package]]
name = "wit-bindgen-rust-impl"
version = "0.2.0"
source = "git+https://github.com/bytecodealliance/wit-bindgen?rev=cb871cfa1ee460b51eb1d144b175b9aab9c50aba#cb871cfa1ee460b51eb1d144b175b9aab9c50aba"
dependencies = [
 "proc-macro2",
 "syn 1.0.109",
 "wit-bindgen-gen-core",
 "wit-bindgen-gen-rust-wasm",
]

[[package]]
name = "wit-parser"
version = "0.2.0"
source = "git+https://github.com/bytecodealliance/wit-bindgen?rev=cb871cfa1ee460b51eb1d144b175b9aab9c50aba#cb871cfa1ee460b51eb1d144b175b9aab9c50aba"
dependencies = [
 "anyhow",
 "id-arena",
 "pulldown-cmark",
 "unicode-normalization",
 "unicode-xid",
]

[[package]]
name = "worker"
version = "1.3.0"
dependencies = [
 "anyhow",
 "http",
 "quote",
 "serde",
 "serde_json",
 "syn 1.0.109",
 "wasi",
]
