{
  "name": "wws-hono-sample",
  "version": "1.0.0",
  "lockfileVersion": 3,
  "requires": true,
  "packages": {
    "": {
      "name": "wws-hono-sample",
      "version": "1.0.0",
      "license": "Apache-2.0",
      "dependencies": {
        "esbuild": "^0.19.4",
        "hono": "^3.7.5"
      }
    },
    "node_modules/@esbuild/android-arm": {
      "version": "0.19.4",
      "resolved": "https://build-artifactory.eng.vmware.com/artifactory/api/npm/npm/@esbuild/android-arm/-/android-arm-0.19.4.tgz",
      "integrity": "sha512-uBIbiYMeSsy2U0XQoOGVVcpIktjLMEKa7ryz2RLr7L/vTnANNEsPVAh4xOv7ondGz6ac1zVb0F8Jx20rQikffQ==",
      "optional": true,
      "engines": {
        "node": ">=12"
      }
    },
    "node_modules/@esbuild/android-arm64": {
      "version": "0.19.4",
      "resolved": "https://build-artifactory.eng.vmware.com/artifactory/api/npm/npm/@esbuild/android-arm64/-/android-arm64-0.19.4.tgz",
      "integrity": "sha512-mRsi2vJsk4Bx/AFsNBqOH2fqedxn5L/moT58xgg51DjX1la64Z3Npicut2VbhvDFO26qjWtPMsVxCd80YTFVeg==",
      "optional": true,
      "engines": {
        "node": ">=12"
      }
    },
    "node_modules/@esbuild/android-x64": {
      "version": "0.19.4",
      "resolved": "https://build-artifactory.eng.vmware.com/artifactory/api/npm/npm/@esbuild/android-x64/-/android-x64-0.19.4.tgz",
      "integrity": "sha512-4iPufZ1TMOD3oBlGFqHXBpa3KFT46aLl6Vy7gwed0ZSYgHaZ/mihbYb4t7Z9etjkC9Al3ZYIoOaHrU60gcMy7g==",
      "optional": true,
      "engines": {
        "node": ">=12"
      }
    },
    "node_modules/@esbuild/darwin-arm64": {
      "version": "0.19.4",
      "resolved": "https://build-artifactory.eng.vmware.com/artifactory/api/npm/npm/@esbuild/darwin-arm64/-/darwin-arm64-0.19.4.tgz",
      "integrity": "sha512-Lviw8EzxsVQKpbS+rSt6/6zjn9ashUZ7Tbuvc2YENgRl0yZTktGlachZ9KMJUsVjZEGFVu336kl5lBgDN6PmpA==",
      "optional": true,
      "engines": {
        "node": ">=12"
      }
    },
    "node_modules/@esbuild/darwin-x64": {
      "version": "0.19.4",
      "resolved": "https://build-artifactory.eng.vmware.com/artifactory/api/npm/npm/@esbuild/darwin-x64/-/darwin-x64-0.19.4.tgz",
      "integrity": "sha512-YHbSFlLgDwglFn0lAO3Zsdrife9jcQXQhgRp77YiTDja23FrC2uwnhXMNkAucthsf+Psr7sTwYEryxz6FPAVqw==",
      "optional": true,
      "engines": {
        "node": ">=12"
      }
    },
    "node_modules/@esbuild/freebsd-arm64": {
      "version": "0.19.4",
      "resolved": "https://build-artifactory.eng.vmware.com/artifactory/api/npm/npm/@esbuild/freebsd-arm64/-/freebsd-arm64-0.19.4.tgz",
      "integrity": "sha512-vz59ijyrTG22Hshaj620e5yhs2dU1WJy723ofc+KUgxVCM6zxQESmWdMuVmUzxtGqtj5heHyB44PjV/HKsEmuQ==",
      "optional": true,
      "engines": {
        "node": ">=12"
      }
    },
    "node_modules/@esbuild/freebsd-x64": {
      "version": "0.19.4",
      "resolved": "https://build-artifactory.eng.vmware.com/artifactory/api/npm/npm/@esbuild/freebsd-x64/-/freebsd-x64-0.19.4.tgz",
      "integrity": "sha512-3sRbQ6W5kAiVQRBWREGJNd1YE7OgzS0AmOGjDmX/qZZecq8NFlQsQH0IfXjjmD0XtUYqr64e0EKNFjMUlPL3Cw==",
      "optional": true,
      "engines": {
        "node": ">=12"
      }
    },
    "node_modules/@esbuild/linux-arm": {
      "version": "0.19.4",
      "resolved": "https://build-artifactory.eng.vmware.com/artifactory/api/npm/npm/@esbuild/linux-arm/-/linux-arm-0.19.4.tgz",
      "integrity": "sha512-z/4ArqOo9EImzTi4b6Vq+pthLnepFzJ92BnofU1jgNlcVb+UqynVFdoXMCFreTK7FdhqAzH0vmdwW5373Hm9pg==",
      "optional": true,
      "engines": {
        "node": ">=12"
      }
    },
    "node_modules/@esbuild/linux-arm64": {
      "version": "0.19.4",
      "resolved": "https://build-artifactory.eng.vmware.com/artifactory/api/npm/npm/@esbuild/linux-arm64/-/linux-arm64-0.19.4.tgz",
      "integrity": "sha512-ZWmWORaPbsPwmyu7eIEATFlaqm0QGt+joRE9sKcnVUG3oBbr/KYdNE2TnkzdQwX6EDRdg/x8Q4EZQTXoClUqqA==",
      "optional": true,
      "engines": {
        "node": ">=12"
      }
    },
    "node_modules/@esbuild/linux-ia32": {
      "version": "0.19.4",
      "resolved": "https://build-artifactory.eng.vmware.com/artifactory/api/npm/npm/@esbuild/linux-ia32/-/linux-ia32-0.19.4.tgz",
      "integrity": "sha512-EGc4vYM7i1GRUIMqRZNCTzJh25MHePYsnQfKDexD8uPTCm9mK56NIL04LUfX2aaJ+C9vyEp2fJ7jbqFEYgO9lQ==",
      "optional": true,
      "engines": {
        "node": ">=12"
      }
    },
    "node_modules/@esbuild/linux-loong64": {
      "version": "0.19.4",
      "resolved": "https://build-artifactory.eng.vmware.com/artifactory/api/npm/npm/@esbuild/linux-loong64/-/linux-loong64-0.19.4.tgz",
      "integrity": "sha512-WVhIKO26kmm8lPmNrUikxSpXcgd6HDog0cx12BUfA2PkmURHSgx9G6vA19lrlQOMw+UjMZ+l3PpbtzffCxFDRg==",
      "optional": true,
      "engines": {
        "node": ">=12"
      }
    },
    "node_modules/@esbuild/linux-mips64el": {
      "version": "0.19.4",
      "resolved": "https://build-artifactory.eng.vmware.com/artifactory/api/npm/npm/@esbuild/linux-mips64el/-/linux-mips64el-0.19.4.tgz",
      "integrity": "sha512-keYY+Hlj5w86hNp5JJPuZNbvW4jql7c1eXdBUHIJGTeN/+0QFutU3GrS+c27L+NTmzi73yhtojHk+lr2+502Mw==",
      "optional": true,
      "engines": {
        "node": ">=12"
      }
    },
    "node_modules/@esbuild/linux-ppc64": {
      "version": "0.19.4",
      "resolved": "https://build-artifactory.eng.vmware.com/artifactory/api/npm/npm/@esbuild/linux-ppc64/-/linux-ppc64-0.19.4.tgz",
      "integrity": "sha512-tQ92n0WMXyEsCH4m32S21fND8VxNiVazUbU4IUGVXQpWiaAxOBvtOtbEt3cXIV3GEBydYsY8pyeRMJx9kn3rvw==",
      "optional": true,
      "engines": {
        "node": ">=12"
      }
    },
    "node_modules/@esbuild/linux-riscv64": {
      "version": "0.19.4",
      "resolved": "https://build-artifactory.eng.vmware.com/artifactory/api/npm/npm/@esbuild/linux-riscv64/-/linux-riscv64-0.19.4.tgz",
      "integrity": "sha512-tRRBey6fG9tqGH6V75xH3lFPpj9E8BH+N+zjSUCnFOX93kEzqS0WdyJHkta/mmJHn7MBaa++9P4ARiU4ykjhig==",
      "optional": true,
      "engines": {
        "node": ">=12"
      }
    },
    "node_modules/@esbuild/linux-s390x": {
      "version": "0.19.4",
      "resolved": "https://build-artifactory.eng.vmware.com/artifactory/api/npm/npm/@esbuild/linux-s390x/-/linux-s390x-0.19.4.tgz",
      "integrity": "sha512-152aLpQqKZYhThiJ+uAM4PcuLCAOxDsCekIbnGzPKVBRUDlgaaAfaUl5NYkB1hgY6WN4sPkejxKlANgVcGl9Qg==",
      "optional": true,
      "engines": {
        "node": ">=12"
      }
    },
    "node_modules/@esbuild/linux-x64": {
      "version": "0.19.4",
      "resolved": "https://build-artifactory.eng.vmware.com/artifactory/api/npm/npm/@esbuild/linux-x64/-/linux-x64-0.19.4.tgz",
      "integrity": "sha512-Mi4aNA3rz1BNFtB7aGadMD0MavmzuuXNTaYL6/uiYIs08U7YMPETpgNn5oue3ICr+inKwItOwSsJDYkrE9ekVg==",
      "optional": true,
      "engines": {
        "node": ">=12"
      }
    },
    "node_modules/@esbuild/netbsd-x64": {
      "version": "0.19.4",
      "resolved": "https://build-artifactory.eng.vmware.com/artifactory/api/npm/npm/@esbuild/netbsd-x64/-/netbsd-x64-0.19.4.tgz",
      "integrity": "sha512-9+Wxx1i5N/CYo505CTT7T+ix4lVzEdz0uCoYGxM5JDVlP2YdDC1Bdz+Khv6IbqmisT0Si928eAxbmGkcbiuM/A==",
      "optional": true,
      "engines": {
        "node": ">=12"
      }
    },
    "node_modules/@esbuild/openbsd-x64": {
      "version": "0.19.4",
      "resolved": "https://build-artifactory.eng.vmware.com/artifactory/api/npm/npm/@esbuild/openbsd-x64/-/openbsd-x64-0.19.4.tgz",
      "integrity": "sha512-MFsHleM5/rWRW9EivFssop+OulYVUoVcqkyOkjiynKBCGBj9Lihl7kh9IzrreDyXa4sNkquei5/DTP4uCk25xw==",
      "optional": true,
      "engines": {
        "node": ">=12"
      }
    },
    "node_modules/@esbuild/sunos-x64": {
      "version": "0.19.4",
      "resolved": "https://build-artifactory.eng.vmware.com/artifactory/api/npm/npm/@esbuild/sunos-x64/-/sunos-x64-0.19.4.tgz",
      "integrity": "sha512-6Xq8SpK46yLvrGxjp6HftkDwPP49puU4OF0hEL4dTxqCbfx09LyrbUj/D7tmIRMj5D5FCUPksBbxyQhp8tmHzw==",
      "optional": true,
      "engines": {
        "node": ">=12"
      }
    },
    "node_modules/@esbuild/win32-arm64": {
      "version": "0.19.4",
      "resolved": "https://build-artifactory.eng.vmware.com/artifactory/api/npm/npm/@esbuild/win32-arm64/-/win32-arm64-0.19.4.tgz",
      "integrity": "sha512-PkIl7Jq4mP6ke7QKwyg4fD4Xvn8PXisagV/+HntWoDEdmerB2LTukRZg728Yd1Fj+LuEX75t/hKXE2Ppk8Hh1w==",
      "optional": true,
      "engines": {
        "node": ">=12"
      }
    },
    "node_modules/@esbuild/win32-ia32": {
      "version": "0.19.4",
      "resolved": "https://build-artifactory.eng.vmware.com/artifactory/api/npm/npm/@esbuild/win32-ia32/-/win32-ia32-0.19.4.tgz",
      "integrity": "sha512-ga676Hnvw7/ycdKB53qPusvsKdwrWzEyJ+AtItHGoARszIqvjffTwaaW3b2L6l90i7MO9i+dlAW415INuRhSGg==",
      "optional": true,
      "engines": {
        "node": ">=12"
      }
    },
    "node_modules/@esbuild/win32-x64": {
      "version": "0.19.4",
      "resolved": "https://build-artifactory.eng.vmware.com/artifactory/api/npm/npm/@esbuild/win32-x64/-/win32-x64-0.19.4.tgz",
      "integrity": "sha512-HP0GDNla1T3ZL8Ko/SHAS2GgtjOg+VmWnnYLhuTksr++EnduYB0f3Y2LzHsUwb2iQ13JGoY6G3R8h6Du/WG6uA==",
      "optional": true,
      "engines": {
        "node": ">=12"
      }
    },
    "node_modules/esbuild": {
      "version": "0.19.4",
      "resolved": "https://build-artifactory.eng.vmware.com/artifactory/api/npm/npm/esbuild/-/esbuild-0.19.4.tgz",
      "integrity": "sha512-x7jL0tbRRpv4QUyuDMjONtWFciygUxWaUM1kMX2zWxI0X2YWOt7MSA0g4UdeSiHM8fcYVzpQhKYOycZwxTdZkA==",
      "hasInstallScript": true,
      "bin": {
        "esbuild": "bin/esbuild"
      },
      "engines": {
        "node": ">=12"
      },
      "optionalDependencies": {
        "@esbuild/android-arm": "0.19.4",
        "@esbuild/android-arm64": "0.19.4",
        "@esbuild/android-x64": "0.19.4",
        "@esbuild/darwin-arm64": "0.19.4",
        "@esbuild/darwin-x64": "0.19.4",
        "@esbuild/freebsd-arm64": "0.19.4",
        "@esbuild/freebsd-x64": "0.19.4",
        "@esbuild/linux-arm": "0.19.4",
        "@esbuild/linux-arm64": "0.19.4",
        "@esbuild/linux-ia32": "0.19.4",
        "@esbuild/linux-loong64": "0.19.4",
        "@esbuild/linux-mips64el": "0.19.4",
        "@esbuild/linux-ppc64": "0.19.4",
        "@esbuild/linux-riscv64": "0.19.4",
        "@esbuild/linux-s390x": "0.19.4",
        "@esbuild/linux-x64": "0.19.4",
        "@esbuild/netbsd-x64": "0.19.4",
        "@esbuild/openbsd-x64": "0.19.4",
        "@esbuild/sunos-x64": "0.19.4",
        "@esbuild/win32-arm64": "0.19.4",
        "@esbuild/win32-ia32": "0.19.4",
        "@esbuild/win32-x64": "0.19.4"
      }
    },
    "node_modules/hono": {
      "version": "3.7.6",
      "resolved": "https://build-artifactory.eng.vmware.com/artifactory/api/npm/npm/hono/-/hono-3.7.6.tgz",
      "integrity": "sha512-nuLNH9+nV6ojXK6b9I0RGZgdMuLTOXeQPs6xsIw/G5iyT8j8m7Nnx8pTxQprmSmCaEYIPv91rCcq45PQNfW68A==",
      "engines": {
        "node": ">=16.0.0"
      }
    }
  }
}
